// !$*UTF8*$!
{
	archiveVersion = 1;
	classes = {
	};
	objectVersion = 56;
	objects = {

/* Begin PBXBuildFile section */
		9EC222212BE5EE2400B7AD11 /* Deutschlands.ttf in Resources */ = {isa = PBXBuildFile; fileRef = 9EC2221F2BE5EE2400B7AD11 /* Deutschlands.ttf */; };
		9EC222232BE5F7BF00B7AD11 /* user guide.mp4 in Resources */ = {isa = PBXBuildFile; fileRef = 9EC222222BE5F7BF00B7AD11 /* user guide.mp4 */; };
		9EC2CA142BE5DBCB0055218D /* AppDelegate.swift in Sources */ = {isa = PBXBuildFile; fileRef = 9EC2CA132BE5DBCB0055218D /* AppDelegate.swift */; };
		9EC2CA162BE5DBCB0055218D /* SceneDelegate.swift in Sources */ = {isa = PBXBuildFile; fileRef = 9EC2CA152BE5DBCB0055218D /* SceneDelegate.swift */; };
		9EC2CA182BE5DBCB0055218D /* ViewController.swift in Sources */ = {isa = PBXBuildFile; fileRef = 9EC2CA172BE5DBCB0055218D /* ViewController.swift */; };
		9EC2CA1B2BE5DBCB0055218D /* Base in Resources */ = {isa = PBXBuildFile; fileRef = 9EC2CA1A2BE5DBCB0055218D /* Base */; };
		9EC2CA1D2BE5DBCC0055218D /* Assets.xcassets in Resources */ = {isa = PBXBuildFile; fileRef = 9EC2CA1C2BE5DBCC0055218D /* Assets.xcassets */; };
		9EC2CA202BE5DBCC0055218D /* Base in Resources */ = {isa = PBXBuildFile; fileRef = 9EC2CA1F2BE5DBCC0055218D /* Base */; };
		9EC2CA2B2BE5DBCC0055218D /* ProjectJuanTests.swift in Sources */ = {isa = PBXBuildFile; fileRef = 9EC2CA2A2BE5DBCC0055218D /* ProjectJuanTests.swift */; };
		9EC2CA352BE5DBCC0055218D /* ProjectJuanUITests.swift in Sources */ = {isa = PBXBuildFile; fileRef = 9EC2CA342BE5DBCC0055218D /* ProjectJuanUITests.swift */; };
		9EC2CA372BE5DBCC0055218D /* ProjectJuanUITestsLaunchTests.swift in Sources */ = {isa = PBXBuildFile; fileRef = 9EC2CA362BE5DBCC0055218D /* ProjectJuanUITestsLaunchTests.swift */; };
		9EC2CA442BE5E4380055218D /* SecondViewController.swift in Sources */ = {isa = PBXBuildFile; fileRef = 9EC2CA432BE5E4380055218D /* SecondViewController.swift */; };
		9EC2CA462BE5E4550055218D /* ThirdViewController.swift in Sources */ = {isa = PBXBuildFile; fileRef = 9EC2CA452BE5E4550055218D /* ThirdViewController.swift */; };
		9EE526002BEB3FBB00D39179 /* placeholderVideo.png in Resources */ = {isa = PBXBuildFile; fileRef = 9EE525FF2BEB3FBB00D39179 /* placeholderVideo.png */; };
/* End PBXBuildFile section */

/* Begin PBXContainerItemProxy section */
		9EC2CA272BE5DBCC0055218D /* PBXContainerItemProxy */ = {
			isa = PBXContainerItemProxy;
			containerPortal = 9EC2CA082BE5DBCB0055218D /* Project object */;
			proxyType = 1;
			remoteGlobalIDString = 9EC2CA0F2BE5DBCB0055218D;
			remoteInfo = ProjectJuan;
		};
		9EC2CA312BE5DBCC0055218D /* PBXContainerItemProxy */ = {
			isa = PBXContainerItemProxy;
			containerPortal = 9EC2CA082BE5DBCB0055218D /* Project object */;
			proxyType = 1;
			remoteGlobalIDString = 9EC2CA0F2BE5DBCB0055218D;
			remoteInfo = ProjectJuan;
		};
/* End PBXContainerItemProxy section */

/* Begin PBXFileReference section */
		9EC2221F2BE5EE2400B7AD11 /* Deutschlands.ttf */ = {isa = PBXFileReference; lastKnownFileType = file; path = Deutschlands.ttf; sourceTree = "<group>"; };
		9EC222222BE5F7BF00B7AD11 /* user guide.mp4 */ = {isa = PBXFileReference; lastKnownFileType = file; name = "user guide.mp4"; path = "../../../../Movies/Wondershare Filmora X/Import/user guide.mp4"; sourceTree = "<group>"; };
		9EC2CA102BE5DBCB0055218D /* ProjectJuan.app */ = {isa = PBXFileReference; explicitFileType = wrapper.application; includeInIndex = 0; path = ProjectJuan.app; sourceTree = BUILT_PRODUCTS_DIR; };
		9EC2CA132BE5DBCB0055218D /* AppDelegate.swift */ = {isa = PBXFileReference; lastKnownFileType = sourcecode.swift; path = AppDelegate.swift; sourceTree = "<group>"; };
		9EC2CA152BE5DBCB0055218D /* SceneDelegate.swift */ = {isa = PBXFileReference; lastKnownFileType = sourcecode.swift; path = SceneDelegate.swift; sourceTree = "<group>"; };
		9EC2CA172BE5DBCB0055218D /* ViewController.swift */ = {isa = PBXFileReference; lastKnownFileType = sourcecode.swift; path = ViewController.swift; sourceTree = "<group>"; };
		9EC2CA1A2BE5DBCB0055218D /* Base */ = {isa = PBXFileReference; lastKnownFileType = file.storyboard; name = Base; path = Base.lproj/Main.storyboard; sourceTree = "<group>"; };
		9EC2CA1C2BE5DBCC0055218D /* Assets.xcassets */ = {isa = PBXFileReference; lastKnownFileType = folder.assetcatalog; path = Assets.xcassets; sourceTree = "<group>"; };
		9EC2CA1F2BE5DBCC0055218D /* Base */ = {isa = PBXFileReference; lastKnownFileType = file.storyboard; name = Base; path = Base.lproj/LaunchScreen.storyboard; sourceTree = "<group>"; };
		9EC2CA212BE5DBCC0055218D /* Info.plist */ = {isa = PBXFileReference; lastKnownFileType = text.plist.xml; path = Info.plist; sourceTree = "<group>"; };
		9EC2CA262BE5DBCC0055218D /* ProjectJuanTests.xctest */ = {isa = PBXFileReference; explicitFileType = wrapper.cfbundle; includeInIndex = 0; path = ProjectJuanTests.xctest; sourceTree = BUILT_PRODUCTS_DIR; };
		9EC2CA2A2BE5DBCC0055218D /* ProjectJuanTests.swift */ = {isa = PBXFileReference; lastKnownFileType = sourcecode.swift; path = ProjectJuanTests.swift; sourceTree = "<group>"; };
		9EC2CA302BE5DBCC0055218D /* ProjectJuanUITests.xctest */ = {isa = PBXFileReference; explicitFileType = wrapper.cfbundle; includeInIndex = 0; path = ProjectJuanUITests.xctest; sourceTree = BUILT_PRODUCTS_DIR; };
		9EC2CA342BE5DBCC0055218D /* ProjectJuanUITests.swift */ = {isa = PBXFileReference; lastKnownFileType = sourcecode.swift; path = ProjectJuanUITests.swift; sourceTree = "<group>"; };
		9EC2CA362BE5DBCC0055218D /* ProjectJuanUITestsLaunchTests.swift */ = {isa = PBXFileReference; lastKnownFileType = sourcecode.swift; path = ProjectJuanUITestsLaunchTests.swift; sourceTree = "<group>"; };
		9EC2CA432BE5E4380055218D /* SecondViewController.swift */ = {isa = PBXFileReference; lastKnownFileType = sourcecode.swift; path = SecondViewController.swift; sourceTree = "<group>"; };
		9EC2CA452BE5E4550055218D /* ThirdViewController.swift */ = {isa = PBXFileReference; lastKnownFileType = sourcecode.swift; path = ThirdViewController.swift; sourceTree = "<group>"; };
		9EE525FF2BEB3FBB00D39179 /* placeholderVideo.png */ = {isa = PBXFileReference; lastKnownFileType = image.png; name = placeholderVideo.png; path = ../../../../../Downloads/placeholderVideo.png; sourceTree = "<group>"; };
/* End PBXFileReference section */

/* Begin PBXFrameworksBuildPhase section */
		9EC2CA0D2BE5DBCB0055218D /* Frameworks */ = {
			isa = PBXFrameworksBuildPhase;
			buildActionMask = 2147483647;
			files = (
			);
			runOnlyForDeploymentPostprocessing = 0;
		};
		9EC2CA232BE5DBCC0055218D /* Frameworks */ = {
			isa = PBXFrameworksBuildPhase;
			buildActionMask = 2147483647;
			files = (
			);
			runOnlyForDeploymentPostprocessing = 0;
		};
		9EC2CA2D2BE5DBCC0055218D /* Frameworks */ = {
			isa = PBXFrameworksBuildPhase;
			buildActionMask = 2147483647;
			files = (
			);
			runOnlyForDeploymentPostprocessing = 0;
		};
/* End PBXFrameworksBuildPhase section */

/* Begin PBXGroup section */
		9EC222202BE5EE2400B7AD11 /* fonts */ = {
			isa = PBXGroup;
			children = (
				9EE525FD2BEB3F9D00D39179 /* images */,
				9EC2221F2BE5EE2400B7AD11 /* Deutschlands.ttf */,
			);
			name = fonts;
			path = ../../fonts;
			sourceTree = "<group>";
		};
		9EC2CA072BE5DBCB0055218D = {
			isa = PBXGroup;
			children = (
				9EC2CA122BE5DBCB0055218D /* ProjectJuan */,
				9EC2CA292BE5DBCC0055218D /* ProjectJuanTests */,
				9EC2CA332BE5DBCC0055218D /* ProjectJuanUITests */,
				9EC2CA112BE5DBCB0055218D /* Products */,
			);
			sourceTree = "<group>";
		};
		9EC2CA112BE5DBCB0055218D /* Products */ = {
			isa = PBXGroup;
			children = (
				9EC2CA102BE5DBCB0055218D /* ProjectJuan.app */,
				9EC2CA262BE5DBCC0055218D /* ProjectJuanTests.xctest */,
				9EC2CA302BE5DBCC0055218D /* ProjectJuanUITests.xctest */,
			);
			name = Products;
			sourceTree = "<group>";
		};
		9EC2CA122BE5DBCB0055218D /* ProjectJuan */ = {
			isa = PBXGroup;
			children = (
				9EE525FC2BEB3F9400D39179 /* images */,
				9EC222222BE5F7BF00B7AD11 /* user guide.mp4 */,
				9EC2CA132BE5DBCB0055218D /* AppDelegate.swift */,
				9EC2CA152BE5DBCB0055218D /* SceneDelegate.swift */,
				9EC2CA172BE5DBCB0055218D /* ViewController.swift */,
				9EC2CA432BE5E4380055218D /* SecondViewController.swift */,
				9EC2CA452BE5E4550055218D /* ThirdViewController.swift */,
				9EC2CA192BE5DBCB0055218D /* Main.storyboard */,
				9EE525FE2BEB3FA000D39179 /* images */,
				9EC222202BE5EE2400B7AD11 /* fonts */,
				9EC2CA1C2BE5DBCC0055218D /* Assets.xcassets */,
				9EC2CA1E2BE5DBCC0055218D /* LaunchScreen.storyboard */,
				9EC2CA212BE5DBCC0055218D /* Info.plist */,
			);
			path = ProjectJuan;
			sourceTree = "<group>";
		};
		9EC2CA292BE5DBCC0055218D /* ProjectJuanTests */ = {
			isa = PBXGroup;
			children = (
				9EC2CA2A2BE5DBCC0055218D /* ProjectJuanTests.swift */,
			);
			path = ProjectJuanTests;
			sourceTree = "<group>";
		};
		9EC2CA332BE5DBCC0055218D /* ProjectJuanUITests */ = {
			isa = PBXGroup;
			children = (
				9EC2CA342BE5DBCC0055218D /* ProjectJuanUITests.swift */,
				9EC2CA362BE5DBCC0055218D /* ProjectJuanUITestsLaunchTests.swift */,
			);
			path = ProjectJuanUITests;
			sourceTree = "<group>";
		};
		9EE525FC2BEB3F9400D39179 /* images */ = {
			isa = PBXGroup;
			children = (
			);
			path = images;
			sourceTree = "<group>";
		};
		9EE525FD2BEB3F9D00D39179 /* images */ = {
			isa = PBXGroup;
			children = (
			);
			path = images;
			sourceTree = "<group>";
		};
		9EE525FE2BEB3FA000D39179 /* images */ = {
			isa = PBXGroup;
			children = (
				9EE525FF2BEB3FBB00D39179 /* placeholderVideo.png */,
			);
			path = images;
			sourceTree = "<group>";
		};
/* End PBXGroup section */

/* Begin PBXNativeTarget section */
		9EC2CA0F2BE5DBCB0055218D /* ProjectJuan */ = {
			isa = PBXNativeTarget;
			buildConfigurationList = 9EC2CA3A2BE5DBCC0055218D /* Build configuration list for PBXNativeTarget "ProjectJuan" */;
			buildPhases = (
				9EC2CA0C2BE5DBCB0055218D /* Sources */,
				9EC2CA0D2BE5DBCB0055218D /* Frameworks */,
				9EC2CA0E2BE5DBCB0055218D /* Resources */,
			);
			buildRules = (
			);
			dependencies = (
			);
			name = ProjectJuan;
			productName = ProjectJuan;
			productReference = 9EC2CA102BE5DBCB0055218D /* ProjectJuan.app */;
			productType = "com.apple.product-type.application";
		};
		9EC2CA252BE5DBCC0055218D /* ProjectJuanTests */ = {
			isa = PBXNativeTarget;
			buildConfigurationList = 9EC2CA3D2BE5DBCC0055218D /* Build configuration list for PBXNativeTarget "ProjectJuanTests" */;
			buildPhases = (
				9EC2CA222BE5DBCC0055218D /* Sources */,
				9EC2CA232BE5DBCC0055218D /* Frameworks */,
				9EC2CA242BE5DBCC0055218D /* Resources */,
			);
			buildRules = (
			);
			dependencies = (
				9EC2CA282BE5DBCC0055218D /* PBXTargetDependency */,
			);
			name = ProjectJuanTests;
			productName = ProjectJuanTests;
			productReference = 9EC2CA262BE5DBCC0055218D /* ProjectJuanTests.xctest */;
			productType = "com.apple.product-type.bundle.unit-test";
		};
		9EC2CA2F2BE5DBCC0055218D /* ProjectJuanUITests */ = {
			isa = PBXNativeTarget;
			buildConfigurationList = 9EC2CA402BE5DBCC0055218D /* Build configuration list for PBXNativeTarget "ProjectJuanUITests" */;
			buildPhases = (
				9EC2CA2C2BE5DBCC0055218D /* Sources */,
				9EC2CA2D2BE5DBCC0055218D /* Frameworks */,
				9EC2CA2E2BE5DBCC0055218D /* Resources */,
			);
			buildRules = (
			);
			dependencies = (
				9EC2CA322BE5DBCC0055218D /* PBXTargetDependency */,
			);
			name = ProjectJuanUITests;
			productName = ProjectJuanUITests;
			productReference = 9EC2CA302BE5DBCC0055218D /* ProjectJuanUITests.xctest */;
			productType = "com.apple.product-type.bundle.ui-testing";
		};
/* End PBXNativeTarget section */

/* Begin PBXProject section */
		9EC2CA082BE5DBCB0055218D /* Project object */ = {
			isa = PBXProject;
			attributes = {
				BuildIndependentTargetsInParallel = 1;
				LastSwiftUpdateCheck = 1530;
				LastUpgradeCheck = 1530;
				TargetAttributes = {
					9EC2CA0F2BE5DBCB0055218D = {
						CreatedOnToolsVersion = 15.3;
					};
					9EC2CA252BE5DBCC0055218D = {
						CreatedOnToolsVersion = 15.3;
						TestTargetID = 9EC2CA0F2BE5DBCB0055218D;
					};
					9EC2CA2F2BE5DBCC0055218D = {
						CreatedOnToolsVersion = 15.3;
						TestTargetID = 9EC2CA0F2BE5DBCB0055218D;
					};
				};
			};
			buildConfigurationList = 9EC2CA0B2BE5DBCB0055218D /* Build configuration list for PBXProject "ProjectJuan" */;
			compatibilityVersion = "Xcode 14.0";
			developmentRegion = en;
			hasScannedForEncodings = 0;
			knownRegions = (
				en,
				Base,
			);
			mainGroup = 9EC2CA072BE5DBCB0055218D;
			productRefGroup = 9EC2CA112BE5DBCB0055218D /* Products */;
			projectDirPath = "";
			projectRoot = "";
			targets = (
				9EC2CA0F2BE5DBCB0055218D /* ProjectJuan */,
				9EC2CA252BE5DBCC0055218D /* ProjectJuanTests */,
				9EC2CA2F2BE5DBCC0055218D /* ProjectJuanUITests */,
			);
		};
/* End PBXProject section */

/* Begin PBXResourcesBuildPhase section */
		9EC2CA0E2BE5DBCB0055218D /* Resources */ = {
			isa = PBXResourcesBuildPhase;
			buildActionMask = 2147483647;
			files = (
				9EC222232BE5F7BF00B7AD11 /* user guide.mp4 in Resources */,
				9EC2CA1D2BE5DBCC0055218D /* Assets.xcassets in Resources */,
				9EC2CA202BE5DBCC0055218D /* Base in Resources */,
				9EC222212BE5EE2400B7AD11 /* Deutschlands.ttf in Resources */,
				9EC2CA1B2BE5DBCB0055218D /* Base in Resources */,
				9EE526002BEB3FBB00D39179 /* placeholderVideo.png in Resources */,
			);
			runOnlyForDeploymentPostprocessing = 0;
		};
		9EC2CA242BE5DBCC0055218D /* Resources */ = {
			isa = PBXResourcesBuildPhase;
			buildActionMask = 2147483647;
			files = (
			);
			runOnlyForDeploymentPostprocessing = 0;
		};
		9EC2CA2E2BE5DBCC0055218D /* Resources */ = {
			isa = PBXResourcesBuildPhase;
			buildActionMask = 2147483647;
			files = (
			);
			runOnlyForDeploymentPostprocessing = 0;
		};
/* End PBXResourcesBuildPhase section */

/* Begin PBXSourcesBuildPhase section */
		9EC2CA0C2BE5DBCB0055218D /* Sources */ = {
			isa = PBXSourcesBuildPhase;
			buildActionMask = 2147483647;
			files = (
				9EC2CA442BE5E4380055218D /* SecondViewController.swift in Sources */,
				9EC2CA182BE5DBCB0055218D /* ViewController.swift in Sources */,
				9EC2CA462BE5E4550055218D /* ThirdViewController.swift in Sources */,
				9EC2CA142BE5DBCB0055218D /* AppDelegate.swift in Sources */,
				9EC2CA162BE5DBCB0055218D /* SceneDelegate.swift in Sources */,
			);
			runOnlyForDeploymentPostprocessing = 0;
		};
		9EC2CA222BE5DBCC0055218D /* Sources */ = {
			isa = PBXSourcesBuildPhase;
			buildActionMask = 2147483647;
			files = (
				9EC2CA2B2BE5DBCC0055218D /* ProjectJuanTests.swift in Sources */,
			);
			runOnlyForDeploymentPostprocessing = 0;
		};
		9EC2CA2C2BE5DBCC0055218D /* Sources */ = {
			isa = PBXSourcesBuildPhase;
			buildActionMask = 2147483647;
			files = (
				9EC2CA372BE5DBCC0055218D /* ProjectJuanUITestsLaunchTests.swift in Sources */,
				9EC2CA352BE5DBCC0055218D /* ProjectJuanUITests.swift in Sources */,
			);
			runOnlyForDeploymentPostprocessing = 0;
		};
/* End PBXSourcesBuildPhase section */

/* Begin PBXTargetDependency section */
		9EC2CA282BE5DBCC0055218D /* PBXTargetDependency */ = {
			isa = PBXTargetDependency;
			target = 9EC2CA0F2BE5DBCB0055218D /* ProjectJuan */;
			targetProxy = 9EC2CA272BE5DBCC0055218D /* PBXContainerItemProxy */;
		};
		9EC2CA322BE5DBCC0055218D /* PBXTargetDependency */ = {
			isa = PBXTargetDependency;
			target = 9EC2CA0F2BE5DBCB0055218D /* ProjectJuan */;
			targetProxy = 9EC2CA312BE5DBCC0055218D /* PBXContainerItemProxy */;
		};
/* End PBXTargetDependency section */

/* Begin PBXVariantGroup section */
		9EC2CA192BE5DBCB0055218D /* Main.storyboard */ = {
			isa = PBXVariantGroup;
			children = (
				9EC2CA1A2BE5DBCB0055218D /* Base */,
			);
			name = Main.storyboard;
			sourceTree = "<group>";
		};
		9EC2CA1E2BE5DBCC0055218D /* LaunchScreen.storyboard */ = {
			isa = PBXVariantGroup;
			children = (
				9EC2CA1F2BE5DBCC0055218D /* Base */,
			);
			name = LaunchScreen.storyboard;
			sourceTree = "<group>";
		};
/* End PBXVariantGroup section */

/* Begin XCBuildConfiguration section */
		9EC2CA382BE5DBCC0055218D /* Debug */ = {
			isa = XCBuildConfiguration;
			buildSettings = {
				ALWAYS_SEARCH_USER_PATHS = NO;
				ASSETCATALOG_COMPILER_GENERATE_SWIFT_ASSET_SYMBOL_EXTENSIONS = YES;
				CLANG_ANALYZER_NONNULL = YES;
				CLANG_ANALYZER_NUMBER_OBJECT_CONVERSION = YES_AGGRESSIVE;
				CLANG_CXX_LANGUAGE_STANDARD = "gnu++20";
				CLANG_ENABLE_MODULES = YES;
				CLANG_ENABLE_OBJC_ARC = YES;
				CLANG_ENABLE_OBJC_WEAK = YES;
				CLANG_WARN_BLOCK_CAPTURE_AUTORELEASING = YES;
				CLANG_WARN_BOOL_CONVERSION = YES;
				CLANG_WARN_COMMA = YES;
				CLANG_WARN_CONSTANT_CONVERSION = YES;
				CLANG_WARN_DEPRECATED_OBJC_IMPLEMENTATIONS = YES;
				CLANG_WARN_DIRECT_OBJC_ISA_USAGE = YES_ERROR;
				CLANG_WARN_DOCUMENTATION_COMMENTS = YES;
				CLANG_WARN_EMPTY_BODY = YES;
				CLANG_WARN_ENUM_CONVERSION = YES;
				CLANG_WARN_INFINITE_RECURSION = YES;
				CLANG_WARN_INT_CONVERSION = YES;
				CLANG_WARN_NON_LITERAL_NULL_CONVERSION = YES;
				CLANG_WARN_OBJC_IMPLICIT_RETAIN_SELF = YES;
				CLANG_WARN_OBJC_LITERAL_CONVERSION = YES;
				CLANG_WARN_OBJC_ROOT_CLASS = YES_ERROR;
				CLANG_WARN_QUOTED_INCLUDE_IN_FRAMEWORK_HEADER = YES;
				CLANG_WARN_RANGE_LOOP_ANALYSIS = YES;
				CLANG_WARN_STRICT_PROTOTYPES = YES;
				CLANG_WARN_SUSPICIOUS_MOVE = YES;
				CLANG_WARN_UNGUARDED_AVAILABILITY = YES_AGGRESSIVE;
				CLANG_WARN_UNREACHABLE_CODE = YES;
				CLANG_WARN__DUPLICATE_METHOD_MATCH = YES;
				COPY_PHASE_STRIP = NO;
				DEBUG_INFORMATION_FORMAT = dwarf;
				ENABLE_STRICT_OBJC_MSGSEND = YES;
				ENABLE_TESTABILITY = YES;
				ENABLE_USER_SCRIPT_SANDBOXING = YES;
				GCC_C_LANGUAGE_STANDARD = gnu17;
				GCC_DYNAMIC_NO_PIC = NO;
				GCC_NO_COMMON_BLOCKS = YES;
				GCC_OPTIMIZATION_LEVEL = 0;
				GCC_PREPROCESSOR_DEFINITIONS = (
					"DEBUG=1",
					"$(inherited)",
				);
				GCC_WARN_64_TO_32_BIT_CONVERSION = YES;
				GCC_WARN_ABOUT_RETURN_TYPE = YES_ERROR;
				GCC_WARN_UNDECLARED_SELECTOR = YES;
				GCC_WARN_UNINITIALIZED_AUTOS = YES_AGGRESSIVE;
				GCC_WARN_UNUSED_FUNCTION = YES;
				GCC_WARN_UNUSED_VARIABLE = YES;
				IPHONEOS_DEPLOYMENT_TARGET = 17.4;
				LOCALIZATION_PREFERS_STRING_CATALOGS = YES;
				MTL_ENABLE_DEBUG_INFO = INCLUDE_SOURCE;
				MTL_FAST_MATH = YES;
				ONLY_ACTIVE_ARCH = YES;
				SDKROOT = iphoneos;
				SWIFT_ACTIVE_COMPILATION_CONDITIONS = "DEBUG $(inherited)";
				SWIFT_OPTIMIZATION_LEVEL = "-Onone";
			};
			name = Debug;
		};
		9EC2CA392BE5DBCC0055218D /* Release */ = {
			isa = XCBuildConfiguration;
			buildSettings = {
				ALWAYS_SEARCH_USER_PATHS = NO;
				ASSETCATALOG_COMPILER_GENERATE_SWIFT_ASSET_SYMBOL_EXTENSIONS = YES;
				CLANG_ANALYZER_NONNULL = YES;
				CLANG_ANALYZER_NUMBER_OBJECT_CONVERSION = YES_AGGRESSIVE;
				CLANG_CXX_LANGUAGE_STANDARD = "gnu++20";
				CLANG_ENABLE_MODULES = YES;
				CLANG_ENABLE_OBJC_ARC = YES;
				CLANG_ENABLE_OBJC_WEAK = YES;
				CLANG_WARN_BLOCK_CAPTURE_AUTORELEASING = YES;
				CLANG_WARN_BOOL_CONVERSION = YES;
				CLANG_WARN_COMMA = YES;
				CLANG_WARN_CONSTANT_CONVERSION = YES;
				CLANG_WARN_DEPRECATED_OBJC_IMPLEMENTATIONS = YES;
				CLANG_WARN_DIRECT_OBJC_ISA_USAGE = YES_ERROR;
				CLANG_WARN_DOCUMENTATION_COMMENTS = YES;
				CLANG_WARN_EMPTY_BODY = YES;
				CLANG_WARN_ENUM_CONVERSION = YES;
				CLANG_WARN_INFINITE_RECURSION = YES;
				CLANG_WARN_INT_CONVERSION = YES;
				CLANG_WARN_NON_LITERAL_NULL_CONVERSION = YES;
				CLANG_WARN_OBJC_IMPLICIT_RETAIN_SELF = YES;
				CLANG_WARN_OBJC_LITERAL_CONVERSION = YES;
				CLANG_WARN_OBJC_ROOT_CLASS = YES_ERROR;
				CLANG_WARN_QUOTED_INCLUDE_IN_FRAMEWORK_HEADER = YES;
				CLANG_WARN_RANGE_LOOP_ANALYSIS = YES;
				CLANG_WARN_STRICT_PROTOTYPES = YES;
				CLANG_WARN_SUSPICIOUS_MOVE = YES;
				CLANG_WARN_UNGUARDED_AVAILABILITY = YES_AGGRESSIVE;
				CLANG_WARN_UNREACHABLE_CODE = YES;
				CLANG_WARN__DUPLICATE_METHOD_MATCH = YES;
				COPY_PHASE_STRIP = NO;
				DEBUG_INFORMATION_FORMAT = "dwarf-with-dsym";
				ENABLE_NS_ASSERTIONS = NO;
				ENABLE_STRICT_OBJC_MSGSEND = YES;
				ENABLE_USER_SCRIPT_SANDBOXING = YES;
				GCC_C_LANGUAGE_STANDARD = gnu17;
				GCC_NO_COMMON_BLOCKS = YES;
				GCC_WARN_64_TO_32_BIT_CONVERSION = YES;
				GCC_WARN_ABOUT_RETURN_TYPE = YES_ERROR;
				GCC_WARN_UNDECLARED_SELECTOR = YES;
				GCC_WARN_UNINITIALIZED_AUTOS = YES_AGGRESSIVE;
				GCC_WARN_UNUSED_FUNCTION = YES;
				GCC_WARN_UNUSED_VARIABLE = YES;
				IPHONEOS_DEPLOYMENT_TARGET = 17.4;
				LOCALIZATION_PREFERS_STRING_CATALOGS = YES;
				MTL_ENABLE_DEBUG_INFO = NO;
				MTL_FAST_MATH = YES;
				SDKROOT = iphoneos;
				SWIFT_COMPILATION_MODE = wholemodule;
				VALIDATE_PRODUCT = YES;
			};
			name = Release;
		};
		9EC2CA3B2BE5DBCC0055218D /* Debug */ = {
			isa = XCBuildConfiguration;
			buildSettings = {
				ASSETCATALOG_COMPILER_APPICON_NAME = AppIcon;
				ASSETCATALOG_COMPILER_GLOBAL_ACCENT_COLOR_NAME = AccentColor;
				CODE_SIGN_STYLE = Automatic;
				CURRENT_PROJECT_VERSION = 1;
				GENERATE_INFOPLIST_FILE = YES;
				INFOPLIST_FILE = ProjectJuan/Info.plist;
				INFOPLIST_KEY_UIApplicationSupportsIndirectInputEvents = YES;
				INFOPLIST_KEY_UILaunchStoryboardName = LaunchScreen;
				INFOPLIST_KEY_UIMainStoryboardFile = Main;
				INFOPLIST_KEY_UISupportedInterfaceOrientations_iPad = "UIInterfaceOrientationPortrait UIInterfaceOrientationPortraitUpsideDown UIInterfaceOrientationLandscapeLeft UIInterfaceOrientationLandscapeRight";
				INFOPLIST_KEY_UISupportedInterfaceOrientations_iPhone = "UIInterfaceOrientationPortrait UIInterfaceOrientationLandscapeLeft UIInterfaceOrientationLandscapeRight";
				LD_RUNPATH_SEARCH_PATHS = (
					"$(inherited)",
					"@executable_path/Frameworks",
				);
				MARKETING_VERSION = 1.0;
				PRODUCT_BUNDLE_IDENTIFIER = com.personal.ProjectJuan;
				PRODUCT_NAME = "$(TARGET_NAME)";
				SWIFT_EMIT_LOC_STRINGS = YES;
				SWIFT_VERSION = 5.0;
				TARGETED_DEVICE_FAMILY = "1,2";
			};
			name = Debug;
		};
		9EC2CA3C2BE5DBCC0055218D /* Release */ = {
			isa = XCBuildConfiguration;
			buildSettings = {
				ASSETCATALOG_COMPILER_APPICON_NAME = AppIcon;
				ASSETCATALOG_COMPILER_GLOBAL_ACCENT_COLOR_NAME = AccentColor;
				CODE_SIGN_STYLE = Automatic;
				CURRENT_PROJECT_VERSION = 1;
				GENERATE_INFOPLIST_FILE = YES;
				INFOPLIST_FILE = ProjectJuan/Info.plist;
				INFOPLIST_KEY_UIApplicationSupportsIndirectInputEvents = YES;
				INFOPLIST_KEY_UILaunchStoryboardName = LaunchScreen;
				INFOPLIST_KEY_UIMainStoryboardFile = Main;
				INFOPLIST_KEY_UISupportedInterfaceOrientations_iPad = "UIInterfaceOrientationPortrait UIInterfaceOrientationPortraitUpsideDown UIInterfaceOrientationLandscapeLeft UIInterfaceOrientationLandscapeRight";
				INFOPLIST_KEY_UISupportedInterfaceOrientations_iPhone = "UIInterfaceOrientationPortrait UIInterfaceOrientationLandscapeLeft UIInterfaceOrientationLandscapeRight";
				LD_RUNPATH_SEARCH_PATHS = (
					"$(inherited)",
					"@executable_path/Frameworks",
				);
				MARKETING_VERSION = 1.0;
				PRODUCT_BUNDLE_IDENTIFIER = com.personal.ProjectJuan;
				PRODUCT_NAME = "$(TARGET_NAME)";
				SWIFT_EMIT_LOC_STRINGS = YES;
				SWIFT_VERSION = 5.0;
				TARGETED_DEVICE_FAMILY = "1,2";
			};
			name = Release;
		};
		9EC2CA3E2BE5DBCC0055218D /* Debug */ = {
			isa = XCBuildConfiguration;
			buildSettings = {
				ALWAYS_EMBED_SWIFT_STANDARD_LIBRARIES = YES;
				BUNDLE_LOADER = "$(TEST_HOST)";
				CODE_SIGN_STYLE = Automatic;
				CURRENT_PROJECT_VERSION = 1;
				GENERATE_INFOPLIST_FILE = YES;
				IPHONEOS_DEPLOYMENT_TARGET = 17.4;
				MARKETING_VERSION = 1.0;
				PRODUCT_BUNDLE_IDENTIFIER = com.personal.ProjectJuanTests;
				PRODUCT_NAME = "$(TARGET_NAME)";
				SWIFT_EMIT_LOC_STRINGS = NO;
				SWIFT_VERSION = 5.0;
				TARGETED_DEVICE_FAMILY = "1,2";
				TEST_HOST = "$(BUILT_PRODUCTS_DIR)/ProjectJuan.app/$(BUNDLE_EXECUTABLE_FOLDER_PATH)/ProjectJuan";
			};
			name = Debug;
		};
		9EC2CA3F2BE5DBCC0055218D /* Release */ = {
			isa = XCBuildConfiguration;
			buildSettings = {
				ALWAYS_EMBED_SWIFT_STANDARD_LIBRARIES = YES;
				BUNDLE_LOADER = "$(TEST_HOST)";
				CODE_SIGN_STYLE = Automatic;
				CURRENT_PROJECT_VERSION = 1;
				GENERATE_INFOPLIST_FILE = YES;
				IPHONEOS_DEPLOYMENT_TARGET = 17.4;
				MARKETING_VERSION = 1.0;
				PRODUCT_BUNDLE_IDENTIFIER = com.personal.ProjectJuanTests;
				PRODUCT_NAME = "$(TARGET_NAME)";
				SWIFT_EMIT_LOC_STRINGS = NO;
				SWIFT_VERSION = 5.0;
				TARGETED_DEVICE_FAMILY = "1,2";
				TEST_HOST = "$(BUILT_PRODUCTS_DIR)/ProjectJuan.app/$(BUNDLE_EXECUTABLE_FOLDER_PATH)/ProjectJuan";
			};
			name = Release;
		};
		9EC2CA412BE5DBCC0055218D /* Debug */ = {
			isa = XCBuildConfiguration;
			buildSettings = {
				ALWAYS_EMBED_SWIFT_STANDARD_LIBRARIES = YES;
				CODE_SIGN_STYLE = Automatic;
				CURRENT_PROJECT_VERSION = 1;
				GENERATE_INFOPLIST_FILE = YES;
				MARKETING_VERSION = 1.0;
				PRODUCT_BUNDLE_IDENTIFIER = com.personal.ProjectJuanUITests;
				PRODUCT_NAME = "$(TARGET_NAME)";
				SWIFT_EMIT_LOC_STRINGS = NO;
				SWIFT_VERSION = 5.0;
				TARGETED_DEVICE_FAMILY = "1,2";
				TEST_TARGET_NAME = ProjectJuan;
			};
			name = Debug;
		};
		9EC2CA422BE5DBCC0055218D /* Release */ = {
			isa = XCBuildConfiguration;
			buildSettings = {
				ALWAYS_EMBED_SWIFT_STANDARD_LIBRARIES = YES;
				CODE_SIGN_STYLE = Automatic;
				CURRENT_PROJECT_VERSION = 1;
				GENERATE_INFOPLIST_FILE = YES;
				MARKETING_VERSION = 1.0;
				PRODUCT_BUNDLE_IDENTIFIER = com.personal.ProjectJuanUITests;
				PRODUCT_NAME = "$(TARGET_NAME)";
				SWIFT_EMIT_LOC_STRINGS = NO;
				SWIFT_VERSION = 5.0;
				TARGETED_DEVICE_FAMILY = "1,2";
				TEST_TARGET_NAME = ProjectJuan;
			};
			name = Release;
		};
/* End XCBuildConfiguration section */

/* Begin XCConfigurationList section */
		9EC2CA0B2BE5DBCB0055218D /* Build configuration list for PBXProject "ProjectJuan" */ = {
			isa = XCConfigurationList;
			buildConfigurations = (
				9EC2CA382BE5DBCC0055218D /* Debug */,
				9EC2CA392BE5DBCC0055218D /* Release */,
			);
			defaultConfigurationIsVisible = 0;
			defaultConfigurationName = Release;
		};
		9EC2CA3A2BE5DBCC0055218D /* Build configuration list for PBXNativeTarget "ProjectJuan" */ = {
			isa = XCConfigurationList;
			buildConfigurations = (
				9EC2CA3B2BE5DBCC0055218D /* Debug */,
				9EC2CA3C2BE5DBCC0055218D /* Release */,
			);
			defaultConfigurationIsVisible = 0;
			defaultConfigurationName = Release;
		};
		9EC2CA3D2BE5DBCC0055218D /* Build configuration list for PBXNativeTarget "ProjectJuanTests" */ = {
			isa = XCConfigurationList;
			buildConfigurations = (
				9EC2CA3E2BE5DBCC0055218D /* Debug */,
				9EC2CA3F2BE5DBCC0055218D /* Release */,
			);
			defaultConfigurationIsVisible = 0;
			defaultConfigurationName = Release;
		};
		9EC2CA402BE5DBCC0055218D /* Build configuration list for PBXNativeTarget "ProjectJuanUITests" */ = {
			isa = XCConfigurationList;
			buildConfigurations = (
				9EC2CA412BE5DBCC0055218D /* Debug */,
				9EC2CA422BE5DBCC0055218D /* Release */,
			);
			defaultConfigurationIsVisible = 0;
			defaultConfigurationName = Release;
		};
/* End XCConfigurationList section */
	};
	rootObject = 9EC2CA082BE5DBCB0055218D /* Project object */;
}
